
Microsoft Visual Studio Solution File, Format Version 12.00
# Visual Studio Version 16
VisualStudioVersion = 16.0.31613.86
MinimumVisualStudioVersion = 10.0.40219.1
Project("{FAE04EC0-301F-11D3-BF4B-00C04F79EFBC}") = "Introduccion", "Introduccion.csproj", "{B997D2DA-298B-472B-B175-E4A1044388D1}"
EndProject
Global
	GlobalSection(SolutionConfigurationPlatforms) = preSolution
		Debug|Any CPU = Debug|Any CPU
		Release|Any CPU = Release|Any CPU
	EndGlobalSection
	GlobalSection(ProjectConfigurationPlatforms) = postSolution
		{B997D2DA-298B-472B-B175-E4A1044388D1}.Debug|Any CPU.ActiveCfg = Debug|Any CPU
		{B997D2DA-298B-472B-B175-E4A1044388D1}.Debug|Any CPU.Build.0 = Debug|Any CPU
		{B997D2DA-298B-472B-B175-E4A1044388D1}.Release|Any CPU.ActiveCfg = Release|Any CPU
		{B997D2DA-298B-472B-B175-E4A1044388D1}.Release|Any CPU.Build.0 = Release|Any CPU
	EndGlobalSection
	GlobalSection(SolutionProperties) = preSolution
		HideSolutionNode = FALSE
	EndGlobalSection
	GlobalSection(ExtensibilityGlobals) = postSolution
		SolutionGuid = {B254F8D4-FACD-437C-AE05-FB41CDC4DE09}
	EndGlobalSection
EndGlobal
